
Microsoft Visual Studio Solution File, Format Version 12.00
# Visual Studio Version 16
VisualStudioVersion = 16.0.28803.156
MinimumVisualStudioVersion = 10.0.40219.1
Project("{9A19103F-16F7-4668-BE54-9A1E7A4F7556}") = "MyNetStandardLib", "MyNetStandardLib\MyNetStandardLib.csproj", "{173D8FA2-F5B0-45A2-9BE1-7D4ACE1BC498}"
EndProject
Project("{FAE04EC0-301F-11D3-BF4B-00C04F79EFBC}") = "ConsoleApp", "ConsoleApp\ConsoleApp.csproj", "{3D5BD019-FCEC-4A64-BFA1-BBE31DEC0E49}"
EndProject
Global
	GlobalSection(SolutionConfigurationPlatforms) = preSolution
		Debug|Any CPU = Debug|Any CPU
		Release|Any CPU = Release|Any CPU
	EndGlobalSection
	GlobalSection(ProjectConfigurationPlatforms) = postSolution
		{173D8FA2-F5B0-45A2-9BE1-7D4ACE1BC498}.Debug|Any CPU.ActiveCfg = Debug|Any CPU
		{173D8FA2-F5B0-45A2-9BE1-7D4ACE1BC498}.Debug|Any CPU.Build.0 = Debug|Any CPU
		{173D8FA2-F5B0-45A2-9BE1-7D4ACE1BC498}.Release|Any CPU.ActiveCfg = Release|Any CPU
		{173D8FA2-F5B0-45A2-9BE1-7D4ACE1BC498}.Release|Any CPU.Build.0 = Release|Any CPU
		{3D5BD019-FCEC-4A64-BFA1-BBE31DEC0E49}.Debug|Any CPU.ActiveCfg = Debug|Any CPU
		{3D5BD019-FCEC-4A64-BFA1-BBE31DEC0E49}.Debug|Any CPU.Build.0 = Debug|Any CPU
		{3D5BD019-FCEC-4A64-BFA1-BBE31DEC0E49}.Release|Any CPU.ActiveCfg = Release|Any CPU
		{3D5BD019-FCEC-4A64-BFA1-BBE31DEC0E49}.Release|Any CPU.Build.0 = Release|Any CPU
	EndGlobalSection
	GlobalSection(SolutionProperties) = preSolution
		HideSolutionNode = FALSE
	EndGlobalSection
	GlobalSection(ExtensibilityGlobals) = postSolution
		SolutionGuid = {40695039-630E-47FA-82FD-F772523E72BC}
	EndGlobalSection
EndGlobal
